
Microsoft Visual Studio Solution File, Format Version 12.00
# Visual Studio Version 17
VisualStudioVersion = 17.1.32328.378
MinimumVisualStudioVersion = 10.0.40219.1
Project("{9A19103F-16F7-4668-BE54-9A1E7A4F7556}") = "Entidades", "Entidades\Entidades.csproj", "{67727FE2-A424-4FF6-B755-5AE48DC02B4D}"
EndProject
Project("{FAE04EC0-301F-11D3-BF4B-00C04F79EFBC}") = "MiCalculadora", "MiCalculadora\MiCalculadora.csproj", "{16C470EC-2E74-4381-B46D-F3F01E8AA82A}"
EndProject
Global
	GlobalSection(SolutionConfigurationPlatforms) = preSolution
		Debug|Any CPU = Debug|Any CPU
		Release|Any CPU = Release|Any CPU
	EndGlobalSection
	GlobalSection(ProjectConfigurationPlatforms) = postSolution
		{67727FE2-A424-4FF6-B755-5AE48DC02B4D}.Debug|Any CPU.ActiveCfg = Debug|Any CPU
		{67727FE2-A424-4FF6-B755-5AE48DC02B4D}.Debug|Any CPU.Build.0 = Debug|Any CPU
		{67727FE2-A424-4FF6-B755-5AE48DC02B4D}.Release|Any CPU.ActiveCfg = Release|Any CPU
		{67727FE2-A424-4FF6-B755-5AE48DC02B4D}.Release|Any CPU.Build.0 = Release|Any CPU
		{16C470EC-2E74-4381-B46D-F3F01E8AA82A}.Debug|Any CPU.ActiveCfg = Debug|Any CPU
		{16C470EC-2E74-4381-B46D-F3F01E8AA82A}.Debug|Any CPU.Build.0 = Debug|Any CPU
		{16C470EC-2E74-4381-B46D-F3F01E8AA82A}.Release|Any CPU.ActiveCfg = Release|Any CPU
		{16C470EC-2E74-4381-B46D-F3F01E8AA82A}.Release|Any CPU.Build.0 = Release|Any CPU
	EndGlobalSection
	GlobalSection(SolutionProperties) = preSolution
		HideSolutionNode = FALSE
	EndGlobalSection
	GlobalSection(ExtensibilityGlobals) = postSolution
		SolutionGuid = {DA373105-6FEE-4BF7-A0F5-4E5DFCFF50DF}
	EndGlobalSection
EndGlobal
