
Microsoft Visual Studio Solution File, Format Version 12.00
# Visual Studio Version 16
VisualStudioVersion = 16.0.32602.291
MinimumVisualStudioVersion = 10.0.40219.1
Project("{FAE04EC0-301F-11D3-BF4B-00C04F79EFBC}") = "Entidades", "Entidades\Entidades.csproj", "{5DB31F9B-6672-400F-AC3D-24382DD2BF70}"
EndProject
Project("{FAE04EC0-301F-11D3-BF4B-00C04F79EFBC}") = "MiCalculadora", "MiCalculadora\MiCalculadora.csproj", "{CC2CE11D-67E2-4EC2-8DFB-210D214D79FB}"
EndProject
Global
	GlobalSection(SolutionConfigurationPlatforms) = preSolution
		Debug|Any CPU = Debug|Any CPU
		Release|Any CPU = Release|Any CPU
	EndGlobalSection
	GlobalSection(ProjectConfigurationPlatforms) = postSolution
		{5DB31F9B-6672-400F-AC3D-24382DD2BF70}.Debug|Any CPU.ActiveCfg = Debug|Any CPU
		{5DB31F9B-6672-400F-AC3D-24382DD2BF70}.Debug|Any CPU.Build.0 = Debug|Any CPU
		{5DB31F9B-6672-400F-AC3D-24382DD2BF70}.Release|Any CPU.ActiveCfg = Release|Any CPU
		{5DB31F9B-6672-400F-AC3D-24382DD2BF70}.Release|Any CPU.Build.0 = Release|Any CPU
		{CC2CE11D-67E2-4EC2-8DFB-210D214D79FB}.Debug|Any CPU.ActiveCfg = Debug|Any CPU
		{CC2CE11D-67E2-4EC2-8DFB-210D214D79FB}.Debug|Any CPU.Build.0 = Debug|Any CPU
		{CC2CE11D-67E2-4EC2-8DFB-210D214D79FB}.Release|Any CPU.ActiveCfg = Release|Any CPU
		{CC2CE11D-67E2-4EC2-8DFB-210D214D79FB}.Release|Any CPU.Build.0 = Release|Any CPU
	EndGlobalSection
	GlobalSection(SolutionProperties) = preSolution
		HideSolutionNode = FALSE
	EndGlobalSection
	GlobalSection(ExtensibilityGlobals) = postSolution
		SolutionGuid = {14A3A9D8-3387-461C-B78F-1BB97FC8B021}
	EndGlobalSection
EndGlobal
